
Microsoft Visual Studio Solution File, Format Version 12.00
# Visual Studio 2013
VisualStudioVersion = 12.0.20930.1
MinimumVisualStudioVersion = 10.0.40219.1
Project("{FAE04EC0-301F-11D3-BF4B-00C04F79EFBC}") = "WebApi2", "WebApi2\WebApi2.csproj", "{43A6C804-3A9C-44CE-9772-64BAB4D3A408}"
EndProject
Project("{FAE04EC0-301F-11D3-BF4B-00C04F79EFBC}") = "WebApiSPA", "WebApiSPA\WebApiSPA.csproj", "{4CFDCA2D-EC57-4E7D-9F68-292883A47023}"
EndProject
Global
	GlobalSection(SolutionConfigurationPlatforms) = preSolution
		Debug|Any CPU = Debug|Any CPU
		Release|Any CPU = Release|Any CPU
	EndGlobalSection
	GlobalSection(ProjectConfigurationPlatforms) = postSolution
		{43A6C804-3A9C-44CE-9772-64BAB4D3A408}.Debug|Any CPU.ActiveCfg = Debug|Any CPU
		{43A6C804-3A9C-44CE-9772-64BAB4D3A408}.Debug|Any CPU.Build.0 = Debug|Any CPU
		{43A6C804-3A9C-44CE-9772-64BAB4D3A408}.Release|Any CPU.ActiveCfg = Release|Any CPU
		{43A6C804-3A9C-44CE-9772-64BAB4D3A408}.Release|Any CPU.Build.0 = Release|Any CPU
		{4CFDCA2D-EC57-4E7D-9F68-292883A47023}.Debug|Any CPU.ActiveCfg = Debug|Any CPU
		{4CFDCA2D-EC57-4E7D-9F68-292883A47023}.Debug|Any CPU.Build.0 = Debug|Any CPU
		{4CFDCA2D-EC57-4E7D-9F68-292883A47023}.Release|Any CPU.ActiveCfg = Release|Any CPU
		{4CFDCA2D-EC57-4E7D-9F68-292883A47023}.Release|Any CPU.Build.0 = Release|Any CPU
	EndGlobalSection
	GlobalSection(SolutionProperties) = preSolution
		HideSolutionNode = FALSE
	EndGlobalSection
EndGlobal
