
Microsoft Visual Studio Solution File, Format Version 12.00
# Visual Studio 2013
VisualStudioVersion = 12.0.20930.1
MinimumVisualStudioVersion = 10.0.40219.1
Project("{FAE04EC0-301F-11D3-BF4B-00C04F79EFBC}") = "KatanaConsole", "KatanaConsole\KatanaConsole.csproj", "{7B8B6E91-6D96-4300-9C79-0D355953D952}"
EndProject
Project("{2150E333-8FDC-42A3-9474-1A3956D46DE8}") = ".nuget", ".nuget", "{B045AD56-E298-4FD1-8222-AEC9ABCF95B7}"
	ProjectSection(SolutionItems) = preProject
		.nuget\NuGet.Config = .nuget\NuGet.Config
		.nuget\NuGet.exe = .nuget\NuGet.exe
		.nuget\NuGet.targets = .nuget\NuGet.targets
	EndProjectSection
EndProject
Project("{FAE04EC0-301F-11D3-BF4B-00C04F79EFBC}") = "KatanaMiddleware", "KatanaMiddleware\KatanaMiddleware.csproj", "{ED5BBA1F-BAEE-425B-B037-FB21D9EDE305}"
EndProject
Project("{FAE04EC0-301F-11D3-BF4B-00C04F79EFBC}") = "KatanaWebApi", "KatanaWebApi\KatanaWebApi.csproj", "{AB231DE3-4EE0-4683-BA13-CA3B330A36C5}"
EndProject
Global
	GlobalSection(SolutionConfigurationPlatforms) = preSolution
		Debug|Any CPU = Debug|Any CPU
		Release|Any CPU = Release|Any CPU
	EndGlobalSection
	GlobalSection(ProjectConfigurationPlatforms) = postSolution
		{7B8B6E91-6D96-4300-9C79-0D355953D952}.Debug|Any CPU.ActiveCfg = Debug|Any CPU
		{7B8B6E91-6D96-4300-9C79-0D355953D952}.Debug|Any CPU.Build.0 = Debug|Any CPU
		{7B8B6E91-6D96-4300-9C79-0D355953D952}.Release|Any CPU.ActiveCfg = Release|Any CPU
		{7B8B6E91-6D96-4300-9C79-0D355953D952}.Release|Any CPU.Build.0 = Release|Any CPU
		{ED5BBA1F-BAEE-425B-B037-FB21D9EDE305}.Debug|Any CPU.ActiveCfg = Debug|Any CPU
		{ED5BBA1F-BAEE-425B-B037-FB21D9EDE305}.Debug|Any CPU.Build.0 = Debug|Any CPU
		{ED5BBA1F-BAEE-425B-B037-FB21D9EDE305}.Release|Any CPU.ActiveCfg = Release|Any CPU
		{ED5BBA1F-BAEE-425B-B037-FB21D9EDE305}.Release|Any CPU.Build.0 = Release|Any CPU
		{AB231DE3-4EE0-4683-BA13-CA3B330A36C5}.Debug|Any CPU.ActiveCfg = Debug|Any CPU
		{AB231DE3-4EE0-4683-BA13-CA3B330A36C5}.Debug|Any CPU.Build.0 = Debug|Any CPU
		{AB231DE3-4EE0-4683-BA13-CA3B330A36C5}.Release|Any CPU.ActiveCfg = Release|Any CPU
		{AB231DE3-4EE0-4683-BA13-CA3B330A36C5}.Release|Any CPU.Build.0 = Release|Any CPU
	EndGlobalSection
	GlobalSection(SolutionProperties) = preSolution
		HideSolutionNode = FALSE
	EndGlobalSection
EndGlobal
